{
  "pins" : [
    {
      "identity" : "globaldependencies",
      "kind" : "remoteSourceControl",
      "location" : "https://github.com/Gabardone/GlobalDependencies",
      "state" : {
        "revision" : "f2ac651059e19424046e98951f2572e7d5350d08",
        "version" : "2.0.1"
      }
    },
    {
      "identity" : "swift-syntax",
      "kind" : "remoteSourceControl",
      "location" : "https://github.com/apple/swift-syntax.git",
      "state" : {
        "revision" : "6ad4ea24b01559dde0773e3d091f1b9e36175036",
        "version" : "509.0.2"
      }
    },
    {
      "identity" : "swiftux",
      "kind" : "remoteSourceControl",
      "location" : "https://github.com/Gabardone/SwiftUX",
      "state" : {
        "revision" : "46cbd8ea74b3116c4d12130a4be069288ae9245c",
        "version" : "1.0.2"
      }
    }
  ],
  "version" : 2
}
